
Microsoft Visual Studio Solution File, Format Version 12.00
# Visual Studio 2012
Project("{FAE04EC0-301F-11D3-BF4B-00C04F79EFBC}") = "XamarinPieChart", "XamarinPieChart\XamarinPieChart.csproj", "{D97229AD-36DE-4681-8B6A-5BB20CB0910B}"
EndProject
Project("{FAE04EC0-301F-11D3-BF4B-00C04F79EFBC}") = "XamarinPieChart.iOS", "iOS\XamarinPieChart.iOS.csproj", "{8D1E6F7E-AF06-4CCA-8EB9-DBC23F562A8C}"
EndProject
Project("{FAE04EC0-301F-11D3-BF4B-00C04F79EFBC}") = "XamarinPieChart.Droid", "Droid\XamarinPieChart.Droid.csproj", "{B1919EB8-947F-40FF-AC12-91CEA9108082}"
EndProject
Global
	GlobalSection(SolutionConfigurationPlatforms) = preSolution
		Debug|Any CPU = Debug|Any CPU
		Release|Any CPU = Release|Any CPU
		Debug|iPhoneSimulator = Debug|iPhoneSimulator
		Release|iPhone = Release|iPhone
		Release|iPhoneSimulator = Release|iPhoneSimulator
		Debug|iPhone = Debug|iPhone
	EndGlobalSection
	GlobalSection(ProjectConfigurationPlatforms) = postSolution
		{D97229AD-36DE-4681-8B6A-5BB20CB0910B}.Debug|Any CPU.ActiveCfg = Debug|Any CPU
		{D97229AD-36DE-4681-8B6A-5BB20CB0910B}.Debug|Any CPU.Build.0 = Debug|Any CPU
		{D97229AD-36DE-4681-8B6A-5BB20CB0910B}.Release|Any CPU.ActiveCfg = Release|Any CPU
		{D97229AD-36DE-4681-8B6A-5BB20CB0910B}.Release|Any CPU.Build.0 = Release|Any CPU
		{D97229AD-36DE-4681-8B6A-5BB20CB0910B}.Debug|iPhoneSimulator.ActiveCfg = Debug|Any CPU
		{D97229AD-36DE-4681-8B6A-5BB20CB0910B}.Debug|iPhoneSimulator.Build.0 = Debug|Any CPU
		{D97229AD-36DE-4681-8B6A-5BB20CB0910B}.Release|iPhone.ActiveCfg = Release|Any CPU
		{D97229AD-36DE-4681-8B6A-5BB20CB0910B}.Release|iPhone.Build.0 = Release|Any CPU
		{D97229AD-36DE-4681-8B6A-5BB20CB0910B}.Release|iPhoneSimulator.ActiveCfg = Release|Any CPU
		{D97229AD-36DE-4681-8B6A-5BB20CB0910B}.Release|iPhoneSimulator.Build.0 = Release|Any CPU
		{D97229AD-36DE-4681-8B6A-5BB20CB0910B}.Debug|iPhone.ActiveCfg = Debug|Any CPU
		{D97229AD-36DE-4681-8B6A-5BB20CB0910B}.Debug|iPhone.Build.0 = Debug|Any CPU
		{8D1E6F7E-AF06-4CCA-8EB9-DBC23F562A8C}.Debug|Any CPU.ActiveCfg = Debug|iPhoneSimulator
		{8D1E6F7E-AF06-4CCA-8EB9-DBC23F562A8C}.Debug|Any CPU.Build.0 = Debug|iPhoneSimulator
		{8D1E6F7E-AF06-4CCA-8EB9-DBC23F562A8C}.Release|Any CPU.ActiveCfg = Release|iPhone
		{8D1E6F7E-AF06-4CCA-8EB9-DBC23F562A8C}.Release|Any CPU.Build.0 = Release|iPhone
		{8D1E6F7E-AF06-4CCA-8EB9-DBC23F562A8C}.Debug|iPhoneSimulator.ActiveCfg = Debug|iPhoneSimulator
		{8D1E6F7E-AF06-4CCA-8EB9-DBC23F562A8C}.Debug|iPhoneSimulator.Build.0 = Debug|iPhoneSimulator
		{8D1E6F7E-AF06-4CCA-8EB9-DBC23F562A8C}.Release|iPhone.ActiveCfg = Release|iPhone
		{8D1E6F7E-AF06-4CCA-8EB9-DBC23F562A8C}.Release|iPhone.Build.0 = Release|iPhone
		{8D1E6F7E-AF06-4CCA-8EB9-DBC23F562A8C}.Release|iPhoneSimulator.ActiveCfg = Release|iPhoneSimulator
		{8D1E6F7E-AF06-4CCA-8EB9-DBC23F562A8C}.Release|iPhoneSimulator.Build.0 = Release|iPhoneSimulator
		{8D1E6F7E-AF06-4CCA-8EB9-DBC23F562A8C}.Debug|iPhone.ActiveCfg = Debug|iPhone
		{8D1E6F7E-AF06-4CCA-8EB9-DBC23F562A8C}.Debug|iPhone.Build.0 = Debug|iPhone
		{B1919EB8-947F-40FF-AC12-91CEA9108082}.Debug|Any CPU.ActiveCfg = Debug|Any CPU
		{B1919EB8-947F-40FF-AC12-91CEA9108082}.Debug|Any CPU.Build.0 = Debug|Any CPU
		{B1919EB8-947F-40FF-AC12-91CEA9108082}.Release|Any CPU.ActiveCfg = Release|Any CPU
		{B1919EB8-947F-40FF-AC12-91CEA9108082}.Release|Any CPU.Build.0 = Release|Any CPU
		{B1919EB8-947F-40FF-AC12-91CEA9108082}.Debug|iPhoneSimulator.ActiveCfg = Debug|Any CPU
		{B1919EB8-947F-40FF-AC12-91CEA9108082}.Debug|iPhoneSimulator.Build.0 = Debug|Any CPU
		{B1919EB8-947F-40FF-AC12-91CEA9108082}.Release|iPhone.ActiveCfg = Release|Any CPU
		{B1919EB8-947F-40FF-AC12-91CEA9108082}.Release|iPhone.Build.0 = Release|Any CPU
		{B1919EB8-947F-40FF-AC12-91CEA9108082}.Release|iPhoneSimulator.ActiveCfg = Release|Any CPU
		{B1919EB8-947F-40FF-AC12-91CEA9108082}.Release|iPhoneSimulator.Build.0 = Release|Any CPU
		{B1919EB8-947F-40FF-AC12-91CEA9108082}.Debug|iPhone.ActiveCfg = Debug|Any CPU
		{B1919EB8-947F-40FF-AC12-91CEA9108082}.Debug|iPhone.Build.0 = Debug|Any CPU
	EndGlobalSection
EndGlobal
